
Microsoft Visual Studio Solution File, Format Version 12.00
# Visual Studio Version 17
VisualStudioVersion = 17.12.35506.116
MinimumVisualStudioVersion = 10.0.40219.1
Project("{2150E333-8FDC-42A3-9474-1A3956D46DE8}") = "OrionLumina", "OrionLumina", "{AE3500C8-E108-4A8C-9B70-B3800C141363}"
EndProject
Project("{2150E333-8FDC-42A3-9474-1A3956D46DE8}") = "UI", "UI", "{9204EBBF-6A81-4684-BA3A-5A045FA06948}"
EndProject
Project("{2150E333-8FDC-42A3-9474-1A3956D46DE8}") = "Application", "Application", "{DBF4CD8F-FCF6-43FE-A408-6A7E1CBE02E2}"
EndProject
Project("{2150E333-8FDC-42A3-9474-1A3956D46DE8}") = "Domain", "Domain", "{65ABE445-8667-45D4-AEEB-2D5383D1F0F4}"
EndProject
Project("{2150E333-8FDC-42A3-9474-1A3956D46DE8}") = "InfraStructure", "InfraStructure", "{3DCB85C7-EB93-45EF-B4AA-8BAFEFBEEC92}"
EndProject
Project("{FAE04EC0-301F-11D3-BF4B-00C04F79EFBC}") = "OrionLumina.Application.CloudToEmbeddings", "OrionLumina\Aplication\OrionLumina.Aplication.CloudToEmbeddings\OrionLumina.Application.CloudToEmbeddings.csproj", "{02162F5B-C961-4244-B214-318490DC1A45}"
EndProject
Project("{FAE04EC0-301F-11D3-BF4B-00C04F79EFBC}") = "OrionLumina.UI", "OrionLumina\UI\OrionLumina.UI\OrionLumina.UI.csproj", "{0471ED3A-CD76-407C-9FE5-93EB4DE1D3B1}"
EndProject
Project("{FAE04EC0-301F-11D3-BF4B-00C04F79EFBC}") = "OrionLumina.UI.Client", "OrionLumina\UI\OrionLumina.UI.Client\OrionLumina.UI.Client.csproj", "{13F30729-9FE8-4283-BF5E-86C28E9C02E6}"
EndProject
Project("{FAE04EC0-301F-11D3-BF4B-00C04F79EFBC}") = "UnitTestProject1", "OrionLumina\Testing\Domain.Test\UnitTestProject1\UnitTestProject1.csproj", "{08FD98A5-0AB3-4C07-8C15-32F46D435C1F}"
EndProject
Project("{2150E333-8FDC-42A3-9474-1A3956D46DE8}") = "Testing", "Testing", "{BE68C4B6-7719-4F8B-820A-83B63745E0C4}"
EndProject
Project("{FAE04EC0-301F-11D3-BF4B-00C04F79EFBC}") = "Orion.Lumina.Domain", "OrionLumina.Domain\Orion.Lumina.Domain\Orion.Lumina.Domain.csproj", "{B8849781-31E7-453A-B707-BB6291798B97}"
EndProject
Global
	GlobalSection(SolutionConfigurationPlatforms) = preSolution
		Debug|Any CPU = Debug|Any CPU
		Release|Any CPU = Release|Any CPU
	EndGlobalSection
	GlobalSection(ProjectConfigurationPlatforms) = postSolution
		{02162F5B-C961-4244-B214-318490DC1A45}.Debug|Any CPU.ActiveCfg = Debug|Any CPU
		{02162F5B-C961-4244-B214-318490DC1A45}.Debug|Any CPU.Build.0 = Debug|Any CPU
		{02162F5B-C961-4244-B214-318490DC1A45}.Release|Any CPU.ActiveCfg = Release|Any CPU
		{02162F5B-C961-4244-B214-318490DC1A45}.Release|Any CPU.Build.0 = Release|Any CPU
		{0471ED3A-CD76-407C-9FE5-93EB4DE1D3B1}.Debug|Any CPU.ActiveCfg = Debug|Any CPU
		{0471ED3A-CD76-407C-9FE5-93EB4DE1D3B1}.Debug|Any CPU.Build.0 = Debug|Any CPU
		{0471ED3A-CD76-407C-9FE5-93EB4DE1D3B1}.Release|Any CPU.ActiveCfg = Release|Any CPU
		{0471ED3A-CD76-407C-9FE5-93EB4DE1D3B1}.Release|Any CPU.Build.0 = Release|Any CPU
		{13F30729-9FE8-4283-BF5E-86C28E9C02E6}.Debug|Any CPU.ActiveCfg = Debug|Any CPU
		{13F30729-9FE8-4283-BF5E-86C28E9C02E6}.Debug|Any CPU.Build.0 = Debug|Any CPU
		{13F30729-9FE8-4283-BF5E-86C28E9C02E6}.Release|Any CPU.ActiveCfg = Release|Any CPU
		{13F30729-9FE8-4283-BF5E-86C28E9C02E6}.Release|Any CPU.Build.0 = Release|Any CPU
		{08FD98A5-0AB3-4C07-8C15-32F46D435C1F}.Debug|Any CPU.ActiveCfg = Debug|Any CPU
		{08FD98A5-0AB3-4C07-8C15-32F46D435C1F}.Debug|Any CPU.Build.0 = Debug|Any CPU
		{08FD98A5-0AB3-4C07-8C15-32F46D435C1F}.Release|Any CPU.ActiveCfg = Release|Any CPU
		{08FD98A5-0AB3-4C07-8C15-32F46D435C1F}.Release|Any CPU.Build.0 = Release|Any CPU
		{B8849781-31E7-453A-B707-BB6291798B97}.Debug|Any CPU.ActiveCfg = Debug|Any CPU
		{B8849781-31E7-453A-B707-BB6291798B97}.Debug|Any CPU.Build.0 = Debug|Any CPU
		{B8849781-31E7-453A-B707-BB6291798B97}.Release|Any CPU.ActiveCfg = Release|Any CPU
		{B8849781-31E7-453A-B707-BB6291798B97}.Release|Any CPU.Build.0 = Release|Any CPU
	EndGlobalSection
	GlobalSection(SolutionProperties) = preSolution
		HideSolutionNode = FALSE
	EndGlobalSection
	GlobalSection(NestedProjects) = preSolution
		{9204EBBF-6A81-4684-BA3A-5A045FA06948} = {AE3500C8-E108-4A8C-9B70-B3800C141363}
		{DBF4CD8F-FCF6-43FE-A408-6A7E1CBE02E2} = {AE3500C8-E108-4A8C-9B70-B3800C141363}
		{65ABE445-8667-45D4-AEEB-2D5383D1F0F4} = {AE3500C8-E108-4A8C-9B70-B3800C141363}
		{3DCB85C7-EB93-45EF-B4AA-8BAFEFBEEC92} = {AE3500C8-E108-4A8C-9B70-B3800C141363}
		{02162F5B-C961-4244-B214-318490DC1A45} = {DBF4CD8F-FCF6-43FE-A408-6A7E1CBE02E2}
		{0471ED3A-CD76-407C-9FE5-93EB4DE1D3B1} = {9204EBBF-6A81-4684-BA3A-5A045FA06948}
		{13F30729-9FE8-4283-BF5E-86C28E9C02E6} = {9204EBBF-6A81-4684-BA3A-5A045FA06948}
		{08FD98A5-0AB3-4C07-8C15-32F46D435C1F} = {BE68C4B6-7719-4F8B-820A-83B63745E0C4}
		{BE68C4B6-7719-4F8B-820A-83B63745E0C4} = {AE3500C8-E108-4A8C-9B70-B3800C141363}
		{B8849781-31E7-453A-B707-BB6291798B97} = {65ABE445-8667-45D4-AEEB-2D5383D1F0F4}
	EndGlobalSection
EndGlobal
