
Microsoft Visual Studio Solution File, Format Version 12.00
# Visual Studio Version 17
VisualStudioVersion = 17.12.35506.116
MinimumVisualStudioVersion = 10.0.40219.1
Project("{2150E333-8FDC-42A3-9474-1A3956D46DE8}") = "OrionLumina", "OrionLumina", "{AE3500C8-E108-4A8C-9B70-B3800C141363}"
EndProject
Project("{2150E333-8FDC-42A3-9474-1A3956D46DE8}") = "05 UI", "05 UI", "{9204EBBF-6A81-4684-BA3A-5A045FA06948}"
EndProject
Project("{2150E333-8FDC-42A3-9474-1A3956D46DE8}") = "01 Domain", "01 Domain", "{65ABE445-8667-45D4-AEEB-2D5383D1F0F4}"
EndProject
Project("{2150E333-8FDC-42A3-9474-1A3956D46DE8}") = "03 Infrastructure", "03 Infrastructure", "{3DCB85C7-EB93-45EF-B4AA-8BAFEFBEEC92}"
EndProject
Project("{2150E333-8FDC-42A3-9474-1A3956D46DE8}") = "10 Testing", "10 Testing", "{BE68C4B6-7719-4F8B-820A-83B63745E0C4}"
EndProject
Project("{2150E333-8FDC-42A3-9474-1A3956D46DE8}") = "02 Application", "02 Application", "{D5AABAA5-69D9-4D24-9DDA-1895E2FE7B4E}"
EndProject
Project("{FAE04EC0-301F-11D3-BF4B-00C04F79EFBC}") = "Orion.Lumina.Domain", "OrionLumina\01 Domain\Orion.Lumina.Domain\Orion.Lumina.Domain.csproj", "{570109DB-623C-4DAB-BAA4-CD6D4DC1B845}"
EndProject
Project("{FAE04EC0-301F-11D3-BF4B-00C04F79EFBC}") = "Orion.Lumina.Application", "OrionLumina\02 Application\Orion.Lumina.Application\Orion.Lumina.Application.csproj", "{31531EB1-8EEE-4669-9DF0-6979172D0E07}"
EndProject
Project("{FAE04EC0-301F-11D3-BF4B-00C04F79EFBC}") = "OrionLumina.Infrastructure.CloudToEmbeddings", "OrionLumina\03 Infrastructure\OrionLumina.Aplication.CloudToEmbeddings\OrionLumina.Infrastructure.CloudToEmbeddings.csproj", "{3196C2D9-FBFC-466B-B72A-5B4369B1D2FF}"
EndProject
Project("{FAE04EC0-301F-11D3-BF4B-00C04F79EFBC}") = "DomainTests", "OrionLumina\10 Testing\Domain.Test\UnitTestProject1\DomainTests.csproj", "{D4524507-0788-40BA-A3DD-CA6C37087346}"
EndProject
Project("{2150E333-8FDC-42A3-9474-1A3956D46DE8}") = "99 AI Samples", "99 AI Samples", "{02EA681E-C7D8-13C7-8484-4AC65E1B71E8}"
EndProject
Project("{FAE04EC0-301F-11D3-BF4B-00C04F79EFBC}") = "Examples.Utils", "OrionLumina\99 IA Samples\Utils\Examples.Utils.csproj", "{BB335E17-2214-154F-F891-72754B0778A4}"
EndProject
Project("{FAE04EC0-301F-11D3-BF4B-00C04F79EFBC}") = "Models", "OrionLumina\99 IA Samples\Models\Models.csproj", "{7BC4B605-9629-38CF-015F-061E78F33E82}"
EndProject
Project("{FAE04EC0-301F-11D3-BF4B-00C04F79EFBC}") = "CSharpExamples", "OrionLumina\99 IA Samples\CSharpExamples\CSharpExamples.csproj", "{0FA4B5CD-2682-F34A-539C-870D4DF952F0}"
EndProject
Project("{FAE04EC0-301F-11D3-BF4B-00C04F79EFBC}") = "TestModels", "OrionLumina\99 IA Samples\Testing\TestModels\TestModels.csproj", "{32D8D206-3E2E-4670-84BE-EA4065820849}"
EndProject
Global
	GlobalSection(SolutionConfigurationPlatforms) = preSolution
		Debug|Any CPU = Debug|Any CPU
		Release|Any CPU = Release|Any CPU
	EndGlobalSection
	GlobalSection(ProjectConfigurationPlatforms) = postSolution
		{570109DB-623C-4DAB-BAA4-CD6D4DC1B845}.Debug|Any CPU.ActiveCfg = Debug|Any CPU
		{570109DB-623C-4DAB-BAA4-CD6D4DC1B845}.Debug|Any CPU.Build.0 = Debug|Any CPU
		{570109DB-623C-4DAB-BAA4-CD6D4DC1B845}.Release|Any CPU.ActiveCfg = Release|Any CPU
		{570109DB-623C-4DAB-BAA4-CD6D4DC1B845}.Release|Any CPU.Build.0 = Release|Any CPU
		{31531EB1-8EEE-4669-9DF0-6979172D0E07}.Debug|Any CPU.ActiveCfg = Debug|Any CPU
		{31531EB1-8EEE-4669-9DF0-6979172D0E07}.Debug|Any CPU.Build.0 = Debug|Any CPU
		{31531EB1-8EEE-4669-9DF0-6979172D0E07}.Release|Any CPU.ActiveCfg = Release|Any CPU
		{31531EB1-8EEE-4669-9DF0-6979172D0E07}.Release|Any CPU.Build.0 = Release|Any CPU
		{3196C2D9-FBFC-466B-B72A-5B4369B1D2FF}.Debug|Any CPU.ActiveCfg = Debug|Any CPU
		{3196C2D9-FBFC-466B-B72A-5B4369B1D2FF}.Debug|Any CPU.Build.0 = Debug|Any CPU
		{3196C2D9-FBFC-466B-B72A-5B4369B1D2FF}.Release|Any CPU.ActiveCfg = Release|Any CPU
		{3196C2D9-FBFC-466B-B72A-5B4369B1D2FF}.Release|Any CPU.Build.0 = Release|Any CPU
		{D4524507-0788-40BA-A3DD-CA6C37087346}.Debug|Any CPU.ActiveCfg = Debug|Any CPU
		{D4524507-0788-40BA-A3DD-CA6C37087346}.Debug|Any CPU.Build.0 = Debug|Any CPU
		{D4524507-0788-40BA-A3DD-CA6C37087346}.Release|Any CPU.ActiveCfg = Release|Any CPU
		{D4524507-0788-40BA-A3DD-CA6C37087346}.Release|Any CPU.Build.0 = Release|Any CPU
		{BB335E17-2214-154F-F891-72754B0778A4}.Debug|Any CPU.ActiveCfg = Debug|Any CPU
		{BB335E17-2214-154F-F891-72754B0778A4}.Debug|Any CPU.Build.0 = Debug|Any CPU
		{BB335E17-2214-154F-F891-72754B0778A4}.Release|Any CPU.ActiveCfg = Release|Any CPU
		{BB335E17-2214-154F-F891-72754B0778A4}.Release|Any CPU.Build.0 = Release|Any CPU
		{7BC4B605-9629-38CF-015F-061E78F33E82}.Debug|Any CPU.ActiveCfg = Debug|Any CPU
		{7BC4B605-9629-38CF-015F-061E78F33E82}.Debug|Any CPU.Build.0 = Debug|Any CPU
		{7BC4B605-9629-38CF-015F-061E78F33E82}.Release|Any CPU.ActiveCfg = Release|Any CPU
		{7BC4B605-9629-38CF-015F-061E78F33E82}.Release|Any CPU.Build.0 = Release|Any CPU
		{0FA4B5CD-2682-F34A-539C-870D4DF952F0}.Debug|Any CPU.ActiveCfg = Debug|Any CPU
		{0FA4B5CD-2682-F34A-539C-870D4DF952F0}.Debug|Any CPU.Build.0 = Debug|Any CPU
		{0FA4B5CD-2682-F34A-539C-870D4DF952F0}.Release|Any CPU.ActiveCfg = Release|Any CPU
		{0FA4B5CD-2682-F34A-539C-870D4DF952F0}.Release|Any CPU.Build.0 = Release|Any CPU
		{32D8D206-3E2E-4670-84BE-EA4065820849}.Debug|Any CPU.ActiveCfg = Debug|Any CPU
		{32D8D206-3E2E-4670-84BE-EA4065820849}.Debug|Any CPU.Build.0 = Debug|Any CPU
		{32D8D206-3E2E-4670-84BE-EA4065820849}.Release|Any CPU.ActiveCfg = Release|Any CPU
		{32D8D206-3E2E-4670-84BE-EA4065820849}.Release|Any CPU.Build.0 = Release|Any CPU
	EndGlobalSection
	GlobalSection(SolutionProperties) = preSolution
		HideSolutionNode = FALSE
	EndGlobalSection
	GlobalSection(NestedProjects) = preSolution
		{9204EBBF-6A81-4684-BA3A-5A045FA06948} = {AE3500C8-E108-4A8C-9B70-B3800C141363}
		{65ABE445-8667-45D4-AEEB-2D5383D1F0F4} = {AE3500C8-E108-4A8C-9B70-B3800C141363}
		{3DCB85C7-EB93-45EF-B4AA-8BAFEFBEEC92} = {AE3500C8-E108-4A8C-9B70-B3800C141363}
		{BE68C4B6-7719-4F8B-820A-83B63745E0C4} = {AE3500C8-E108-4A8C-9B70-B3800C141363}
		{D5AABAA5-69D9-4D24-9DDA-1895E2FE7B4E} = {AE3500C8-E108-4A8C-9B70-B3800C141363}
		{570109DB-623C-4DAB-BAA4-CD6D4DC1B845} = {65ABE445-8667-45D4-AEEB-2D5383D1F0F4}
		{31531EB1-8EEE-4669-9DF0-6979172D0E07} = {D5AABAA5-69D9-4D24-9DDA-1895E2FE7B4E}
		{3196C2D9-FBFC-466B-B72A-5B4369B1D2FF} = {3DCB85C7-EB93-45EF-B4AA-8BAFEFBEEC92}
		{D4524507-0788-40BA-A3DD-CA6C37087346} = {BE68C4B6-7719-4F8B-820A-83B63745E0C4}
		{02EA681E-C7D8-13C7-8484-4AC65E1B71E8} = {AE3500C8-E108-4A8C-9B70-B3800C141363}
		{BB335E17-2214-154F-F891-72754B0778A4} = {02EA681E-C7D8-13C7-8484-4AC65E1B71E8}
		{7BC4B605-9629-38CF-015F-061E78F33E82} = {02EA681E-C7D8-13C7-8484-4AC65E1B71E8}
		{0FA4B5CD-2682-F34A-539C-870D4DF952F0} = {02EA681E-C7D8-13C7-8484-4AC65E1B71E8}
		{32D8D206-3E2E-4670-84BE-EA4065820849} = {02EA681E-C7D8-13C7-8484-4AC65E1B71E8}
	EndGlobalSection
	GlobalSection(ExtensibilityGlobals) = postSolution
		SolutionGuid = {E8AF1FCC-D1A2-4947-8F48-6EBE4634F20D}
	EndGlobalSection
EndGlobal
